{
  "name": "@dayahs/ai-project-workflow",
  "version": "0.2.0",
  "lockfileVersion": 3,
  "requires": true,
  "packages": {
    "": {
      "name": "@dayahs/ai-project-workflow",
      "version": "0.2.0",
      "license": "MIT",
      "bin": {
        "ai-project-workflow": "bin/apw.js",
        "apw": "bin/apw.js"
      },
      "engines": {
        "node": ">=20"
      }
    }
  }
}
